
Microsoft Visual Studio Solution File, Format Version 12.00
# Visual Studio Version 16
VisualStudioVersion = 16.0.30523.141
MinimumVisualStudioVersion = 10.0.40219.1
Project("{FAE04EC0-301F-11D3-BF4B-00C04F79EFBC}") = "EjercicioBasico2", "EjercicioBasico2.csproj", "{3F25B6E9-AE65-4B2E-956B-23BE9DD6C5F6}"
EndProject
Global
	GlobalSection(SolutionConfigurationPlatforms) = preSolution
		Debug|Any CPU = Debug|Any CPU
		Release|Any CPU = Release|Any CPU
	EndGlobalSection
	GlobalSection(ProjectConfigurationPlatforms) = postSolution
		{3F25B6E9-AE65-4B2E-956B-23BE9DD6C5F6}.Debug|Any CPU.ActiveCfg = Debug|Any CPU
		{3F25B6E9-AE65-4B2E-956B-23BE9DD6C5F6}.Debug|Any CPU.Build.0 = Debug|Any CPU
		{3F25B6E9-AE65-4B2E-956B-23BE9DD6C5F6}.Release|Any CPU.ActiveCfg = Release|Any CPU
		{3F25B6E9-AE65-4B2E-956B-23BE9DD6C5F6}.Release|Any CPU.Build.0 = Release|Any CPU
	EndGlobalSection
	GlobalSection(SolutionProperties) = preSolution
		HideSolutionNode = FALSE
	EndGlobalSection
	GlobalSection(ExtensibilityGlobals) = postSolution
		SolutionGuid = {3FEB193E-E605-4570-88C9-F66F84DF8FCD}
	EndGlobalSection
EndGlobal
